// !$*UTF8*$!
{
	archiveVersion = 1;
	classes = {
	};
	objectVersion = 56;
	objects = {

/* Begin PBXBuildFile section */
		2A89AB872C0CD6BA00F80BE2 /* AppDelegate.swift in Sources */ = {isa = PBXBuildFile; fileRef = 2A89AB862C0CD6BA00F80BE2 /* AppDelegate.swift */; };
		2A89AB892C0CD6BA00F80BE2 /* SceneDelegate.swift in Sources */ = {isa = PBXBuildFile; fileRef = 2A89AB882C0CD6BA00F80BE2 /* SceneDelegate.swift */; };
		2A89AB8B2C0CD6BA00F80BE2 /* MainViewController.swift in Sources */ = {isa = PBXBuildFile; fileRef = 2A89AB8A2C0CD6BA00F80BE2 /* MainViewController.swift */; };
		2A89AB8E2C0CD6BA00F80BE2 /* Base in Resources */ = {isa = PBXBuildFile; fileRef = 2A89AB8D2C0CD6BA00F80BE2 /* Base */; };
		2A89AB902C0CD6BB00F80BE2 /* Assets.xcassets in Resources */ = {isa = PBXBuildFile; fileRef = 2A89AB8F2C0CD6BB00F80BE2 /* Assets.xcassets */; };
		2A89AB932C0CD6BB00F80BE2 /* Base in Resources */ = {isa = PBXBuildFile; fileRef = 2A89AB922C0CD6BB00F80BE2 /* Base */; };
		2A89AB9E2C0CD6BB00F80BE2 /* MVPTests.swift in Sources */ = {isa = PBXBuildFile; fileRef = 2A89AB9D2C0CD6BB00F80BE2 /* MVPTests.swift */; };
		2A89ABA82C0CD6BB00F80BE2 /* MVPUITests.swift in Sources */ = {isa = PBXBuildFile; fileRef = 2A89ABA72C0CD6BB00F80BE2 /* MVPUITests.swift */; };
		2A89ABAA2C0CD6BB00F80BE2 /* MVPUITestsLaunchTests.swift in Sources */ = {isa = PBXBuildFile; fileRef = 2A89ABA92C0CD6BB00F80BE2 /* MVPUITestsLaunchTests.swift */; };
		2A89ABB72C0CD77400F80BE2 /* Person.swift in Sources */ = {isa = PBXBuildFile; fileRef = 2A89ABB62C0CD77400F80BE2 /* Person.swift */; };
		2A89ABB92C0DF24900F80BE2 /* MainPresenter.swift in Sources */ = {isa = PBXBuildFile; fileRef = 2A89ABB82C0DF24900F80BE2 /* MainPresenter.swift */; };
		2A89ABBF2C0E445300F80BE2 /* MainViewController.xib in Resources */ = {isa = PBXBuildFile; fileRef = 2A89ABBE2C0E445300F80BE2 /* MainViewController.xib */; };
		2A89ABC12C0E45AC00F80BE2 /* ModelBuilder.swift in Sources */ = {isa = PBXBuildFile; fileRef = 2A89ABC02C0E45AC00F80BE2 /* ModelBuilder.swift */; };
		2A89ABC62C0ED22E00F80BE2 /* MainPresenterTest.swift in Sources */ = {isa = PBXBuildFile; fileRef = 2A89ABC52C0ED22E00F80BE2 /* MainPresenterTest.swift */; };
/* End PBXBuildFile section */

/* Begin PBXContainerItemProxy section */
		2A89AB9A2C0CD6BB00F80BE2 /* PBXContainerItemProxy */ = {
			isa = PBXContainerItemProxy;
			containerPortal = 2A89AB7B2C0CD6BA00F80BE2 /* Project object */;
			proxyType = 1;
			remoteGlobalIDString = 2A89AB822C0CD6BA00F80BE2;
			remoteInfo = MVP;
		};
		2A89ABA42C0CD6BB00F80BE2 /* PBXContainerItemProxy */ = {
			isa = PBXContainerItemProxy;
			containerPortal = 2A89AB7B2C0CD6BA00F80BE2 /* Project object */;
			proxyType = 1;
			remoteGlobalIDString = 2A89AB822C0CD6BA00F80BE2;
			remoteInfo = MVP;
		};
/* End PBXContainerItemProxy section */

/* Begin PBXFileReference section */
		2A89AB832C0CD6BA00F80BE2 /* MVP.app */ = {isa = PBXFileReference; explicitFileType = wrapper.application; includeInIndex = 0; path = MVP.app; sourceTree = BUILT_PRODUCTS_DIR; };
		2A89AB862C0CD6BA00F80BE2 /* AppDelegate.swift */ = {isa = PBXFileReference; lastKnownFileType = sourcecode.swift; path = AppDelegate.swift; sourceTree = "<group>"; };
		2A89AB882C0CD6BA00F80BE2 /* SceneDelegate.swift */ = {isa = PBXFileReference; lastKnownFileType = sourcecode.swift; path = SceneDelegate.swift; sourceTree = "<group>"; };
		2A89AB8A2C0CD6BA00F80BE2 /* MainViewController.swift */ = {isa = PBXFileReference; lastKnownFileType = sourcecode.swift; path = MainViewController.swift; sourceTree = "<group>"; };
		2A89AB8D2C0CD6BA00F80BE2 /* Base */ = {isa = PBXFileReference; lastKnownFileType = file.storyboard; name = Base; path = Base.lproj/Main.storyboard; sourceTree = "<group>"; };
		2A89AB8F2C0CD6BB00F80BE2 /* Assets.xcassets */ = {isa = PBXFileReference; lastKnownFileType = folder.assetcatalog; path = Assets.xcassets; sourceTree = "<group>"; };
		2A89AB922C0CD6BB00F80BE2 /* Base */ = {isa = PBXFileReference; lastKnownFileType = file.storyboard; name = Base; path = Base.lproj/LaunchScreen.storyboard; sourceTree = "<group>"; };
		2A89AB942C0CD6BB00F80BE2 /* Info.plist */ = {isa = PBXFileReference; lastKnownFileType = text.plist.xml; path = Info.plist; sourceTree = "<group>"; };
		2A89AB992C0CD6BB00F80BE2 /* MVPTests.xctest */ = {isa = PBXFileReference; explicitFileType = wrapper.cfbundle; includeInIndex = 0; path = MVPTests.xctest; sourceTree = BUILT_PRODUCTS_DIR; };
		2A89AB9D2C0CD6BB00F80BE2 /* MVPTests.swift */ = {isa = PBXFileReference; lastKnownFileType = sourcecode.swift; path = MVPTests.swift; sourceTree = "<group>"; };
		2A89ABA32C0CD6BB00F80BE2 /* MVPUITests.xctest */ = {isa = PBXFileReference; explicitFileType = wrapper.cfbundle; includeInIndex = 0; path = MVPUITests.xctest; sourceTree = BUILT_PRODUCTS_DIR; };
		2A89ABA72C0CD6BB00F80BE2 /* MVPUITests.swift */ = {isa = PBXFileReference; lastKnownFileType = sourcecode.swift; path = MVPUITests.swift; sourceTree = "<group>"; };
		2A89ABA92C0CD6BB00F80BE2 /* MVPUITestsLaunchTests.swift */ = {isa = PBXFileReference; lastKnownFileType = sourcecode.swift; path = MVPUITestsLaunchTests.swift; sourceTree = "<group>"; };
		2A89ABB62C0CD77400F80BE2 /* Person.swift */ = {isa = PBXFileReference; lastKnownFileType = sourcecode.swift; path = Person.swift; sourceTree = "<group>"; };
		2A89ABB82C0DF24900F80BE2 /* MainPresenter.swift */ = {isa = PBXFileReference; lastKnownFileType = sourcecode.swift; path = MainPresenter.swift; sourceTree = "<group>"; };
		2A89ABBE2C0E445300F80BE2 /* MainViewController.xib */ = {isa = PBXFileReference; lastKnownFileType = file.xib; path = MainViewController.xib; sourceTree = "<group>"; };
		2A89ABC02C0E45AC00F80BE2 /* ModelBuilder.swift */ = {isa = PBXFileReference; lastKnownFileType = sourcecode.swift; path = ModelBuilder.swift; sourceTree = "<group>"; };
		2A89ABC52C0ED22E00F80BE2 /* MainPresenterTest.swift */ = {isa = PBXFileReference; lastKnownFileType = sourcecode.swift; path = MainPresenterTest.swift; sourceTree = "<group>"; };
/* End PBXFileReference section */

/* Begin PBXFrameworksBuildPhase section */
		2A89AB802C0CD6BA00F80BE2 /* Frameworks */ = {
			isa = PBXFrameworksBuildPhase;
			buildActionMask = 2147483647;
			files = (
			);
			runOnlyForDeploymentPostprocessing = 0;
		};
		2A89AB962C0CD6BB00F80BE2 /* Frameworks */ = {
			isa = PBXFrameworksBuildPhase;
			buildActionMask = 2147483647;
			files = (
			);
			runOnlyForDeploymentPostprocessing = 0;
		};
		2A89ABA02C0CD6BB00F80BE2 /* Frameworks */ = {
			isa = PBXFrameworksBuildPhase;
			buildActionMask = 2147483647;
			files = (
			);
			runOnlyForDeploymentPostprocessing = 0;
		};
/* End PBXFrameworksBuildPhase section */

/* Begin PBXGroup section */
		2A89AB7A2C0CD6BA00F80BE2 = {
			isa = PBXGroup;
			children = (
				2A89AB852C0CD6BA00F80BE2 /* MVP */,
				2A89AB9C2C0CD6BB00F80BE2 /* MVPTests */,
				2A89ABA62C0CD6BB00F80BE2 /* MVPUITests */,
				2A89AB842C0CD6BA00F80BE2 /* Products */,
			);
			sourceTree = "<group>";
		};
		2A89AB842C0CD6BA00F80BE2 /* Products */ = {
			isa = PBXGroup;
			children = (
				2A89AB832C0CD6BA00F80BE2 /* MVP.app */,
				2A89AB992C0CD6BB00F80BE2 /* MVPTests.xctest */,
				2A89ABA32C0CD6BB00F80BE2 /* MVPUITests.xctest */,
			);
			name = Products;
			sourceTree = "<group>";
		};
		2A89AB852C0CD6BA00F80BE2 /* MVP */ = {
			isa = PBXGroup;
			children = (
				2A89AB862C0CD6BA00F80BE2 /* AppDelegate.swift */,
				2A89AB882C0CD6BA00F80BE2 /* SceneDelegate.swift */,
				2A89ABBA2C0E436800F80BE2 /* MainModule */,
				2A89AB8C2C0CD6BA00F80BE2 /* Main.storyboard */,
				2A89AB8F2C0CD6BB00F80BE2 /* Assets.xcassets */,
				2A89AB912C0CD6BB00F80BE2 /* LaunchScreen.storyboard */,
				2A89AB942C0CD6BB00F80BE2 /* Info.plist */,
				2A89ABC02C0E45AC00F80BE2 /* ModelBuilder.swift */,
			);
			path = MVP;
			sourceTree = "<group>";
		};
		2A89AB9C2C0CD6BB00F80BE2 /* MVPTests */ = {
			isa = PBXGroup;
			children = (
				2A89AB9D2C0CD6BB00F80BE2 /* MVPTests.swift */,
				2A89ABC42C0ED1E200F80BE2 /* MainModuleTest */,
			);
			path = MVPTests;
			sourceTree = "<group>";
		};
		2A89ABA62C0CD6BB00F80BE2 /* MVPUITests */ = {
			isa = PBXGroup;
			children = (
				2A89ABA72C0CD6BB00F80BE2 /* MVPUITests.swift */,
				2A89ABA92C0CD6BB00F80BE2 /* MVPUITestsLaunchTests.swift */,
			);
			path = MVPUITests;
			sourceTree = "<group>";
		};
		2A89ABBA2C0E436800F80BE2 /* MainModule */ = {
			isa = PBXGroup;
			children = (
				2A89ABBB2C0E43A200F80BE2 /* View */,
				2A89ABBC2C0E43AB00F80BE2 /* Model */,
				2A89ABBD2C0E43CD00F80BE2 /* Presenter */,
			);
			path = MainModule;
			sourceTree = "<group>";
		};
		2A89ABBB2C0E43A200F80BE2 /* View */ = {
			isa = PBXGroup;
			children = (
				2A89AB8A2C0CD6BA00F80BE2 /* MainViewController.swift */,
				2A89ABBE2C0E445300F80BE2 /* MainViewController.xib */,
			);
			path = View;
			sourceTree = "<group>";
		};
		2A89ABBC2C0E43AB00F80BE2 /* Model */ = {
			isa = PBXGroup;
			children = (
				2A89ABB62C0CD77400F80BE2 /* Person.swift */,
			);
			path = Model;
			sourceTree = "<group>";
		};
		2A89ABBD2C0E43CD00F80BE2 /* Presenter */ = {
			isa = PBXGroup;
			children = (
				2A89ABB82C0DF24900F80BE2 /* MainPresenter.swift */,
			);
			path = Presenter;
			sourceTree = "<group>";
		};
		2A89ABC42C0ED1E200F80BE2 /* MainModuleTest */ = {
			isa = PBXGroup;
			children = (
				2A89ABC52C0ED22E00F80BE2 /* MainPresenterTest.swift */,
			);
			path = MainModuleTest;
			sourceTree = "<group>";
		};
/* End PBXGroup section */

/* Begin PBXNativeTarget section */
		2A89AB822C0CD6BA00F80BE2 /* MVP */ = {
			isa = PBXNativeTarget;
			buildConfigurationList = 2A89ABAD2C0CD6BB00F80BE2 /* Build configuration list for PBXNativeTarget "MVP" */;
			buildPhases = (
				2A89AB7F2C0CD6BA00F80BE2 /* Sources */,
				2A89AB802C0CD6BA00F80BE2 /* Frameworks */,
				2A89AB812C0CD6BA00F80BE2 /* Resources */,
			);
			buildRules = (
			);
			dependencies = (
			);
			name = MVP;
			productName = MVP;
			productReference = 2A89AB832C0CD6BA00F80BE2 /* MVP.app */;
			productType = "com.apple.product-type.application";
		};
		2A89AB982C0CD6BB00F80BE2 /* MVPTests */ = {
			isa = PBXNativeTarget;
			buildConfigurationList = 2A89ABB02C0CD6BB00F80BE2 /* Build configuration list for PBXNativeTarget "MVPTests" */;
			buildPhases = (
				2A89AB952C0CD6BB00F80BE2 /* Sources */,
				2A89AB962C0CD6BB00F80BE2 /* Frameworks */,
				2A89AB972C0CD6BB00F80BE2 /* Resources */,
			);
			buildRules = (
			);
			dependencies = (
				2A89AB9B2C0CD6BB00F80BE2 /* PBXTargetDependency */,
			);
			name = MVPTests;
			productName = MVPTests;
			productReference = 2A89AB992C0CD6BB00F80BE2 /* MVPTests.xctest */;
			productType = "com.apple.product-type.bundle.unit-test";
		};
		2A89ABA22C0CD6BB00F80BE2 /* MVPUITests */ = {
			isa = PBXNativeTarget;
			buildConfigurationList = 2A89ABB32C0CD6BB00F80BE2 /* Build configuration list for PBXNativeTarget "MVPUITests" */;
			buildPhases = (
				2A89AB9F2C0CD6BB00F80BE2 /* Sources */,
				2A89ABA02C0CD6BB00F80BE2 /* Frameworks */,
				2A89ABA12C0CD6BB00F80BE2 /* Resources */,
			);
			buildRules = (
			);
			dependencies = (
				2A89ABA52C0CD6BB00F80BE2 /* PBXTargetDependency */,
			);
			name = MVPUITests;
			productName = MVPUITests;
			productReference = 2A89ABA32C0CD6BB00F80BE2 /* MVPUITests.xctest */;
			productType = "com.apple.product-type.bundle.ui-testing";
		};
/* End PBXNativeTarget section */

/* Begin PBXProject section */
		2A89AB7B2C0CD6BA00F80BE2 /* Project object */ = {
			isa = PBXProject;
			attributes = {
				BuildIndependentTargetsInParallel = 1;
				LastSwiftUpdateCheck = 1530;
				LastUpgradeCheck = 1530;
				TargetAttributes = {
					2A89AB822C0CD6BA00F80BE2 = {
						CreatedOnToolsVersion = 15.3;
					};
					2A89AB982C0CD6BB00F80BE2 = {
						CreatedOnToolsVersion = 15.3;
						TestTargetID = 2A89AB822C0CD6BA00F80BE2;
					};
					2A89ABA22C0CD6BB00F80BE2 = {
						CreatedOnToolsVersion = 15.3;
						TestTargetID = 2A89AB822C0CD6BA00F80BE2;
					};
				};
			};
			buildConfigurationList = 2A89AB7E2C0CD6BA00F80BE2 /* Build configuration list for PBXProject "MVP" */;
			compatibilityVersion = "Xcode 14.0";
			developmentRegion = en;
			hasScannedForEncodings = 0;
			knownRegions = (
				en,
				Base,
			);
			mainGroup = 2A89AB7A2C0CD6BA00F80BE2;
			productRefGroup = 2A89AB842C0CD6BA00F80BE2 /* Products */;
			projectDirPath = "";
			projectRoot = "";
			targets = (
				2A89AB822C0CD6BA00F80BE2 /* MVP */,
				2A89AB982C0CD6BB00F80BE2 /* MVPTests */,
				2A89ABA22C0CD6BB00F80BE2 /* MVPUITests */,
			);
		};
/* End PBXProject section */

/* Begin PBXResourcesBuildPhase section */
		2A89AB812C0CD6BA00F80BE2 /* Resources */ = {
			isa = PBXResourcesBuildPhase;
			buildActionMask = 2147483647;
			files = (
				2A89AB902C0CD6BB00F80BE2 /* Assets.xcassets in Resources */,
				2A89AB932C0CD6BB00F80BE2 /* Base in Resources */,
				2A89AB8E2C0CD6BA00F80BE2 /* Base in Resources */,
				2A89ABBF2C0E445300F80BE2 /* MainViewController.xib in Resources */,
			);
			runOnlyForDeploymentPostprocessing = 0;
		};
		2A89AB972C0CD6BB00F80BE2 /* Resources */ = {
			isa = PBXResourcesBuildPhase;
			buildActionMask = 2147483647;
			files = (
			);
			runOnlyForDeploymentPostprocessing = 0;
		};
		2A89ABA12C0CD6BB00F80BE2 /* Resources */ = {
			isa = PBXResourcesBuildPhase;
			buildActionMask = 2147483647;
			files = (
			);
			runOnlyForDeploymentPostprocessing = 0;
		};
/* End PBXResourcesBuildPhase section */

/* Begin PBXSourcesBuildPhase section */
		2A89AB7F2C0CD6BA00F80BE2 /* Sources */ = {
			isa = PBXSourcesBuildPhase;
			buildActionMask = 2147483647;
			files = (
				2A89ABB92C0DF24900F80BE2 /* MainPresenter.swift in Sources */,
				2A89AB8B2C0CD6BA00F80BE2 /* MainViewController.swift in Sources */,
				2A89AB872C0CD6BA00F80BE2 /* AppDelegate.swift in Sources */,
				2A89ABB72C0CD77400F80BE2 /* Person.swift in Sources */,
				2A89AB892C0CD6BA00F80BE2 /* SceneDelegate.swift in Sources */,
				2A89ABC12C0E45AC00F80BE2 /* ModelBuilder.swift in Sources */,
			);
			runOnlyForDeploymentPostprocessing = 0;
		};
		2A89AB952C0CD6BB00F80BE2 /* Sources */ = {
			isa = PBXSourcesBuildPhase;
			buildActionMask = 2147483647;
			files = (
				2A89AB9E2C0CD6BB00F80BE2 /* MVPTests.swift in Sources */,
				2A89ABC62C0ED22E00F80BE2 /* MainPresenterTest.swift in Sources */,
			);
			runOnlyForDeploymentPostprocessing = 0;
		};
		2A89AB9F2C0CD6BB00F80BE2 /* Sources */ = {
			isa = PBXSourcesBuildPhase;
			buildActionMask = 2147483647;
			files = (
				2A89ABAA2C0CD6BB00F80BE2 /* MVPUITestsLaunchTests.swift in Sources */,
				2A89ABA82C0CD6BB00F80BE2 /* MVPUITests.swift in Sources */,
			);
			runOnlyForDeploymentPostprocessing = 0;
		};
/* End PBXSourcesBuildPhase section */

/* Begin PBXTargetDependency section */
		2A89AB9B2C0CD6BB00F80BE2 /* PBXTargetDependency */ = {
			isa = PBXTargetDependency;
			target = 2A89AB822C0CD6BA00F80BE2 /* MVP */;
			targetProxy = 2A89AB9A2C0CD6BB00F80BE2 /* PBXContainerItemProxy */;
		};
		2A89ABA52C0CD6BB00F80BE2 /* PBXTargetDependency */ = {
			isa = PBXTargetDependency;
			target = 2A89AB822C0CD6BA00F80BE2 /* MVP */;
			targetProxy = 2A89ABA42C0CD6BB00F80BE2 /* PBXContainerItemProxy */;
		};
/* End PBXTargetDependency section */

/* Begin PBXVariantGroup section */
		2A89AB8C2C0CD6BA00F80BE2 /* Main.storyboard */ = {
			isa = PBXVariantGroup;
			children = (
				2A89AB8D2C0CD6BA00F80BE2 /* Base */,
			);
			name = Main.storyboard;
			sourceTree = "<group>";
		};
		2A89AB912C0CD6BB00F80BE2 /* LaunchScreen.storyboard */ = {
			isa = PBXVariantGroup;
			children = (
				2A89AB922C0CD6BB00F80BE2 /* Base */,
			);
			name = LaunchScreen.storyboard;
			sourceTree = "<group>";
		};
/* End PBXVariantGroup section */

/* Begin XCBuildConfiguration section */
		2A89ABAB2C0CD6BB00F80BE2 /* Debug */ = {
			isa = XCBuildConfiguration;
			buildSettings = {
				ALWAYS_SEARCH_USER_PATHS = NO;
				ASSETCATALOG_COMPILER_GENERATE_SWIFT_ASSET_SYMBOL_EXTENSIONS = YES;
				CLANG_ANALYZER_NONNULL = YES;
				CLANG_ANALYZER_NUMBER_OBJECT_CONVERSION = YES_AGGRESSIVE;
				CLANG_CXX_LANGUAGE_STANDARD = "gnu++20";
				CLANG_ENABLE_MODULES = YES;
				CLANG_ENABLE_OBJC_ARC = YES;
				CLANG_ENABLE_OBJC_WEAK = YES;
				CLANG_WARN_BLOCK_CAPTURE_AUTORELEASING = YES;
				CLANG_WARN_BOOL_CONVERSION = YES;
				CLANG_WARN_COMMA = YES;
				CLANG_WARN_CONSTANT_CONVERSION = YES;
				CLANG_WARN_DEPRECATED_OBJC_IMPLEMENTATIONS = YES;
				CLANG_WARN_DIRECT_OBJC_ISA_USAGE = YES_ERROR;
				CLANG_WARN_DOCUMENTATION_COMMENTS = YES;
				CLANG_WARN_EMPTY_BODY = YES;
				CLANG_WARN_ENUM_CONVERSION = YES;
				CLANG_WARN_INFINITE_RECURSION = YES;
				CLANG_WARN_INT_CONVERSION = YES;
				CLANG_WARN_NON_LITERAL_NULL_CONVERSION = YES;
				CLANG_WARN_OBJC_IMPLICIT_RETAIN_SELF = YES;
				CLANG_WARN_OBJC_LITERAL_CONVERSION = YES;
				CLANG_WARN_OBJC_ROOT_CLASS = YES_ERROR;
				CLANG_WARN_QUOTED_INCLUDE_IN_FRAMEWORK_HEADER = YES;
				CLANG_WARN_RANGE_LOOP_ANALYSIS = YES;
				CLANG_WARN_STRICT_PROTOTYPES = YES;
				CLANG_WARN_SUSPICIOUS_MOVE = YES;
				CLANG_WARN_UNGUARDED_AVAILABILITY = YES_AGGRESSIVE;
				CLANG_WARN_UNREACHABLE_CODE = YES;
				CLANG_WARN__DUPLICATE_METHOD_MATCH = YES;
				COPY_PHASE_STRIP = NO;
				DEBUG_INFORMATION_FORMAT = dwarf;
				ENABLE_STRICT_OBJC_MSGSEND = YES;
				ENABLE_TESTABILITY = YES;
				ENABLE_USER_SCRIPT_SANDBOXING = YES;
				GCC_C_LANGUAGE_STANDARD = gnu17;
				GCC_DYNAMIC_NO_PIC = NO;
				GCC_NO_COMMON_BLOCKS = YES;
				GCC_OPTIMIZATION_LEVEL = 0;
				GCC_PREPROCESSOR_DEFINITIONS = (
					"DEBUG=1",
					"$(inherited)",
				);
				GCC_WARN_64_TO_32_BIT_CONVERSION = YES;
				GCC_WARN_ABOUT_RETURN_TYPE = YES_ERROR;
				GCC_WARN_UNDECLARED_SELECTOR = YES;
				GCC_WARN_UNINITIALIZED_AUTOS = YES_AGGRESSIVE;
				GCC_WARN_UNUSED_FUNCTION = YES;
				GCC_WARN_UNUSED_VARIABLE = YES;
				IPHONEOS_DEPLOYMENT_TARGET = 17.4;
				LOCALIZATION_PREFERS_STRING_CATALOGS = YES;
				MTL_ENABLE_DEBUG_INFO = INCLUDE_SOURCE;
				MTL_FAST_MATH = YES;
				ONLY_ACTIVE_ARCH = YES;
				SDKROOT = iphoneos;
				SWIFT_ACTIVE_COMPILATION_CONDITIONS = "DEBUG $(inherited)";
				SWIFT_OPTIMIZATION_LEVEL = "-Onone";
			};
			name = Debug;
		};
		2A89ABAC2C0CD6BB00F80BE2 /* Release */ = {
			isa = XCBuildConfiguration;
			buildSettings = {
				ALWAYS_SEARCH_USER_PATHS = NO;
				ASSETCATALOG_COMPILER_GENERATE_SWIFT_ASSET_SYMBOL_EXTENSIONS = YES;
				CLANG_ANALYZER_NONNULL = YES;
				CLANG_ANALYZER_NUMBER_OBJECT_CONVERSION = YES_AGGRESSIVE;
				CLANG_CXX_LANGUAGE_STANDARD = "gnu++20";
				CLANG_ENABLE_MODULES = YES;
				CLANG_ENABLE_OBJC_ARC = YES;
				CLANG_ENABLE_OBJC_WEAK = YES;
				CLANG_WARN_BLOCK_CAPTURE_AUTORELEASING = YES;
				CLANG_WARN_BOOL_CONVERSION = YES;
				CLANG_WARN_COMMA = YES;
				CLANG_WARN_CONSTANT_CONVERSION = YES;
				CLANG_WARN_DEPRECATED_OBJC_IMPLEMENTATIONS = YES;
				CLANG_WARN_DIRECT_OBJC_ISA_USAGE = YES_ERROR;
				CLANG_WARN_DOCUMENTATION_COMMENTS = YES;
				CLANG_WARN_EMPTY_BODY = YES;
				CLANG_WARN_ENUM_CONVERSION = YES;
				CLANG_WARN_INFINITE_RECURSION = YES;
				CLANG_WARN_INT_CONVERSION = YES;
				CLANG_WARN_NON_LITERAL_NULL_CONVERSION = YES;
				CLANG_WARN_OBJC_IMPLICIT_RETAIN_SELF = YES;
				CLANG_WARN_OBJC_LITERAL_CONVERSION = YES;
				CLANG_WARN_OBJC_ROOT_CLASS = YES_ERROR;
				CLANG_WARN_QUOTED_INCLUDE_IN_FRAMEWORK_HEADER = YES;
				CLANG_WARN_RANGE_LOOP_ANALYSIS = YES;
				CLANG_WARN_STRICT_PROTOTYPES = YES;
				CLANG_WARN_SUSPICIOUS_MOVE = YES;
				CLANG_WARN_UNGUARDED_AVAILABILITY = YES_AGGRESSIVE;
				CLANG_WARN_UNREACHABLE_CODE = YES;
				CLANG_WARN__DUPLICATE_METHOD_MATCH = YES;
				COPY_PHASE_STRIP = NO;
				DEBUG_INFORMATION_FORMAT = "dwarf-with-dsym";
				ENABLE_NS_ASSERTIONS = NO;
				ENABLE_STRICT_OBJC_MSGSEND = YES;
				ENABLE_USER_SCRIPT_SANDBOXING = YES;
				GCC_C_LANGUAGE_STANDARD = gnu17;
				GCC_NO_COMMON_BLOCKS = YES;
				GCC_WARN_64_TO_32_BIT_CONVERSION = YES;
				GCC_WARN_ABOUT_RETURN_TYPE = YES_ERROR;
				GCC_WARN_UNDECLARED_SELECTOR = YES;
				GCC_WARN_UNINITIALIZED_AUTOS = YES_AGGRESSIVE;
				GCC_WARN_UNUSED_FUNCTION = YES;
				GCC_WARN_UNUSED_VARIABLE = YES;
				IPHONEOS_DEPLOYMENT_TARGET = 17.4;
				LOCALIZATION_PREFERS_STRING_CATALOGS = YES;
				MTL_ENABLE_DEBUG_INFO = NO;
				MTL_FAST_MATH = YES;
				SDKROOT = iphoneos;
				SWIFT_COMPILATION_MODE = wholemodule;
				VALIDATE_PRODUCT = YES;
			};
			name = Release;
		};
		2A89ABAE2C0CD6BB00F80BE2 /* Debug */ = {
			isa = XCBuildConfiguration;
			buildSettings = {
				ASSETCATALOG_COMPILER_APPICON_NAME = AppIcon;
				ASSETCATALOG_COMPILER_GLOBAL_ACCENT_COLOR_NAME = AccentColor;
				CODE_SIGN_STYLE = Automatic;
				CURRENT_PROJECT_VERSION = 1;
				DEVELOPMENT_TEAM = 473W7TVS7V;
				GENERATE_INFOPLIST_FILE = YES;
				INFOPLIST_FILE = MVP/Info.plist;
				INFOPLIST_KEY_UIApplicationSupportsIndirectInputEvents = YES;
				INFOPLIST_KEY_UILaunchStoryboardName = LaunchScreen;
				INFOPLIST_KEY_UIMainStoryboardFile = Main;
				INFOPLIST_KEY_UISupportedInterfaceOrientations_iPad = "UIInterfaceOrientationPortrait UIInterfaceOrientationPortraitUpsideDown UIInterfaceOrientationLandscapeLeft UIInterfaceOrientationLandscapeRight";
				INFOPLIST_KEY_UISupportedInterfaceOrientations_iPhone = "UIInterfaceOrientationPortrait UIInterfaceOrientationLandscapeLeft UIInterfaceOrientationLandscapeRight";
				LD_RUNPATH_SEARCH_PATHS = (
					"$(inherited)",
					"@executable_path/Frameworks",
				);
				MARKETING_VERSION = 1.0;
				PRODUCT_BUNDLE_IDENTIFIER = Max.MVP;
				PRODUCT_NAME = "$(TARGET_NAME)";
				SWIFT_EMIT_LOC_STRINGS = YES;
				SWIFT_VERSION = 5.0;
				TARGETED_DEVICE_FAMILY = "1,2";
			};
			name = Debug;
		};
		2A89ABAF2C0CD6BB00F80BE2 /* Release */ = {
			isa = XCBuildConfiguration;
			buildSettings = {
				ASSETCATALOG_COMPILER_APPICON_NAME = AppIcon;
				ASSETCATALOG_COMPILER_GLOBAL_ACCENT_COLOR_NAME = AccentColor;
				CODE_SIGN_STYLE = Automatic;
				CURRENT_PROJECT_VERSION = 1;
				DEVELOPMENT_TEAM = 473W7TVS7V;
				GENERATE_INFOPLIST_FILE = YES;
				INFOPLIST_FILE = MVP/Info.plist;
				INFOPLIST_KEY_UIApplicationSupportsIndirectInputEvents = YES;
				INFOPLIST_KEY_UILaunchStoryboardName = LaunchScreen;
				INFOPLIST_KEY_UIMainStoryboardFile = Main;
				INFOPLIST_KEY_UISupportedInterfaceOrientations_iPad = "UIInterfaceOrientationPortrait UIInterfaceOrientationPortraitUpsideDown UIInterfaceOrientationLandscapeLeft UIInterfaceOrientationLandscapeRight";
				INFOPLIST_KEY_UISupportedInterfaceOrientations_iPhone = "UIInterfaceOrientationPortrait UIInterfaceOrientationLandscapeLeft UIInterfaceOrientationLandscapeRight";
				LD_RUNPATH_SEARCH_PATHS = (
					"$(inherited)",
					"@executable_path/Frameworks",
				);
				MARKETING_VERSION = 1.0;
				PRODUCT_BUNDLE_IDENTIFIER = Max.MVP;
				PRODUCT_NAME = "$(TARGET_NAME)";
				SWIFT_EMIT_LOC_STRINGS = YES;
				SWIFT_VERSION = 5.0;
				TARGETED_DEVICE_FAMILY = "1,2";
			};
			name = Release;
		};
		2A89ABB12C0CD6BB00F80BE2 /* Debug */ = {
			isa = XCBuildConfiguration;
			buildSettings = {
				ALWAYS_EMBED_SWIFT_STANDARD_LIBRARIES = YES;
				BUNDLE_LOADER = "$(TEST_HOST)";
				CODE_SIGN_STYLE = Automatic;
				CURRENT_PROJECT_VERSION = 1;
				DEVELOPMENT_TEAM = 473W7TVS7V;
				GENERATE_INFOPLIST_FILE = YES;
				IPHONEOS_DEPLOYMENT_TARGET = 17.4;
				MARKETING_VERSION = 1.0;
				PRODUCT_BUNDLE_IDENTIFIER = Max.MVPTests;
				PRODUCT_NAME = "$(TARGET_NAME)";
				SWIFT_EMIT_LOC_STRINGS = NO;
				SWIFT_VERSION = 5.0;
				TARGETED_DEVICE_FAMILY = "1,2";
				TEST_HOST = "$(BUILT_PRODUCTS_DIR)/MVP.app/$(BUNDLE_EXECUTABLE_FOLDER_PATH)/MVP";
			};
			name = Debug;
		};
		2A89ABB22C0CD6BB00F80BE2 /* Release */ = {
			isa = XCBuildConfiguration;
			buildSettings = {
				ALWAYS_EMBED_SWIFT_STANDARD_LIBRARIES = YES;
				BUNDLE_LOADER = "$(TEST_HOST)";
				CODE_SIGN_STYLE = Automatic;
				CURRENT_PROJECT_VERSION = 1;
				DEVELOPMENT_TEAM = 473W7TVS7V;
				GENERATE_INFOPLIST_FILE = YES;
				IPHONEOS_DEPLOYMENT_TARGET = 17.4;
				MARKETING_VERSION = 1.0;
				PRODUCT_BUNDLE_IDENTIFIER = Max.MVPTests;
				PRODUCT_NAME = "$(TARGET_NAME)";
				SWIFT_EMIT_LOC_STRINGS = NO;
				SWIFT_VERSION = 5.0;
				TARGETED_DEVICE_FAMILY = "1,2";
				TEST_HOST = "$(BUILT_PRODUCTS_DIR)/MVP.app/$(BUNDLE_EXECUTABLE_FOLDER_PATH)/MVP";
			};
			name = Release;
		};
		2A89ABB42C0CD6BB00F80BE2 /* Debug */ = {
			isa = XCBuildConfiguration;
			buildSettings = {
				ALWAYS_EMBED_SWIFT_STANDARD_LIBRARIES = YES;
				CODE_SIGN_STYLE = Automatic;
				CURRENT_PROJECT_VERSION = 1;
				DEVELOPMENT_TEAM = 473W7TVS7V;
				GENERATE_INFOPLIST_FILE = YES;
				MARKETING_VERSION = 1.0;
				PRODUCT_BUNDLE_IDENTIFIER = Max.MVPUITests;
				PRODUCT_NAME = "$(TARGET_NAME)";
				SWIFT_EMIT_LOC_STRINGS = NO;
				SWIFT_VERSION = 5.0;
				TARGETED_DEVICE_FAMILY = "1,2";
				TEST_TARGET_NAME = MVP;
			};
			name = Debug;
		};
		2A89ABB52C0CD6BB00F80BE2 /* Release */ = {
			isa = XCBuildConfiguration;
			buildSettings = {
				ALWAYS_EMBED_SWIFT_STANDARD_LIBRARIES = YES;
				CODE_SIGN_STYLE = Automatic;
				CURRENT_PROJECT_VERSION = 1;
				DEVELOPMENT_TEAM = 473W7TVS7V;
				GENERATE_INFOPLIST_FILE = YES;
				MARKETING_VERSION = 1.0;
				PRODUCT_BUNDLE_IDENTIFIER = Max.MVPUITests;
				PRODUCT_NAME = "$(TARGET_NAME)";
				SWIFT_EMIT_LOC_STRINGS = NO;
				SWIFT_VERSION = 5.0;
				TARGETED_DEVICE_FAMILY = "1,2";
				TEST_TARGET_NAME = MVP;
			};
			name = Release;
		};
/* End XCBuildConfiguration section */

/* Begin XCConfigurationList section */
		2A89AB7E2C0CD6BA00F80BE2 /* Build configuration list for PBXProject "MVP" */ = {
			isa = XCConfigurationList;
			buildConfigurations = (
				2A89ABAB2C0CD6BB00F80BE2 /* Debug */,
				2A89ABAC2C0CD6BB00F80BE2 /* Release */,
			);
			defaultConfigurationIsVisible = 0;
			defaultConfigurationName = Release;
		};
		2A89ABAD2C0CD6BB00F80BE2 /* Build configuration list for PBXNativeTarget "MVP" */ = {
			isa = XCConfigurationList;
			buildConfigurations = (
				2A89ABAE2C0CD6BB00F80BE2 /* Debug */,
				2A89ABAF2C0CD6BB00F80BE2 /* Release */,
			);
			defaultConfigurationIsVisible = 0;
			defaultConfigurationName = Release;
		};
		2A89ABB02C0CD6BB00F80BE2 /* Build configuration list for PBXNativeTarget "MVPTests" */ = {
			isa = XCConfigurationList;
			buildConfigurations = (
				2A89ABB12C0CD6BB00F80BE2 /* Debug */,
				2A89ABB22C0CD6BB00F80BE2 /* Release */,
			);
			defaultConfigurationIsVisible = 0;
			defaultConfigurationName = Release;
		};
		2A89ABB32C0CD6BB00F80BE2 /* Build configuration list for PBXNativeTarget "MVPUITests" */ = {
			isa = XCConfigurationList;
			buildConfigurations = (
				2A89ABB42C0CD6BB00F80BE2 /* Debug */,
				2A89ABB52C0CD6BB00F80BE2 /* Release */,
			);
			defaultConfigurationIsVisible = 0;
			defaultConfigurationName = Release;
		};
/* End XCConfigurationList section */
	};
	rootObject = 2A89AB7B2C0CD6BA00F80BE2 /* Project object */;
}
